DEPENDENCIES
  apt (~> 2.4.0)
  build-essential (~> 1.4.2)
  chef-client (~> 4.0.0)
  cluster
    git: https://github.com/mevansam/chef-cookbook-cluster.git
    revision: 32537cca89b5bb77a65bf43fe6a4839d015472a7
  compute
    git: https://github.com/mevansam/chef-cookbook-compute.git
    revision: 4d794e43b528cb125359cabcbe67beaadf59514e
  cron (>= 1.2.0)
  elasticsearch (~> 0.3.13)
  firewall (~> 0.11.8)
  haproxy (~> 1.6.6)
  hostsfile (~> 2.4.5)
  java (~> 1.29.0)
  keepalived (~> 1.2.0)
  kibana_lwrp (~> 2.0.0)
  line (~> 0.6.1)
  logstash (~> 0.11.2)
  memcached (>= 1.7.2)
  monit (~> 0.7.5)
  network
    git: https://github.com/mevansam/chef-cookbook-network.git
    revision: 66aac7b35d9ab84d3febff24539f7c48c3b63992
  nfs (>= 2.1.0)
  ntp (~> 1.6.5)
  ohai (~> 2.0.1)
  openstack-block-storage
    git: https://github.com/mevansam/chef-cookbook-openstack-block-storage
    revision: e87c12ece9dcc55d556be2e5c941cc6927e20d43
    branch: stable/icehouse
  openstack-common
    git: https://github.com/stackforge/cookbook-openstack-common
    revision: ad0f56149d8805537446e68275e27a11094e280f
    branch: stable/icehouse
  openstack-compute
    git: https://github.com/mevansam/chef-cookbook-openstack-compute.git
    revision: 142f5f5f546bcb367bfbfc40496650aeff39571d
    branch: stable/icehouse
  openstack-dashboard
    git: https://github.com/mevansam/chef-cookbook-openstack-dashboard
    revision: c0c308d82d667a6a994e23cd4bcf370e53744f4f
    branch: stable/icehouse
  openstack-identity
    git: https://github.com/mevansam/chef-cookbook-openstack-identity.git
    revision: 425cf2412c311fa7f8214d54e32e240529bbdf85
    branch: stable/icehouse
  openstack-image
    git: https://github.com/mevansam/chef-cookbook-openstack-image.git
    revision: dd61668b131daaff5eee432dd3d9a607135645f3
    branch: stable/icehouse
  openstack-network
    git: https://github.com/mevansam/chef-cookbook-openstack-network.git
    revision: abceb8a3a55e6193a0a45e831c651f376b116dca
    branch: stable/icehouse
  openstack-object-storage
    git: https://github.com/stackforge/cookbook-openstack-object-storage
    revision: bb9c607292a80dbd18364be838c2f293302c2abd
    branch: stable/icehouse
  openstack-ops-database
    git: https://github.com/stackforge/cookbook-openstack-ops-database
    revision: 29735ce8a5029b66516b91f515764826b7125507
    branch: stable/icehouse
  openstack-ops-messaging
    git: https://github.com/stackforge/cookbook-openstack-ops-messaging
    revision: db772edbf3baf402db09bb49ea3d3323aba7c1bc
    branch: stable/icehouse
  openstack-orchestration
    git: https://github.com/stackforge/cookbook-openstack-orchestration
    revision: 7f683b9f566939bcc23c64311652055a9594307b
    branch: stable/icehouse
  openstack-services
    git: https://github.com/mevansam/chef-cookbook-openstack-services.git
    revision: 0b572d31030190ba81bd02d76b85cd8b9b62c101
  openstack-telemetry
    git: https://github.com/stackforge/cookbook-openstack-telemetry
    revision: 6c2ad6b00fda0abd3b1a1889ff49313d93f9dd8e
    branch: stable/icehouse
  percona
    git: https://github.com/mevansam/chef-percona
    revision: 12dc7f2aab3f39a4a9aa1686f52cfa2a1c08ca41
  rabbitmq
    git: https://github.com/jjasghar/rabbitmq.git
    revision: 32776556509e58f3eeae78aa81f7368d5033daf2
  selinux (~> 0.8.0)
  statsd
    git: https://github.com/att-cloud/cookbook-statsd
    revision: d3298ae4ec4a6d8cc2ca166f0688a92753ced338
  storage
    git: https://github.com/mevansam/chef-cookbook-storage.git
    revision: 7057c632683bcc6a86b7a6a99f8d4c8fd04a807a
  sudo (~> 2.6.0)
  sysutils
    git: https://github.com/mevansam/chef-cookbook-sysutils.git
    revision: db4de64141c95e4c4a023d8b8209ab09c400c0f3
  xfs (~> 1.1.0)
  yum (~> 3.2.2)
  yum-epel (~> 0.4.0)

GRAPH
  7-zip (1.0.2)
    windows (>= 1.2.2)
  ant (1.0.2)
    ark (>= 0.0.0)
    java (>= 0.0.0)
  apache2 (3.0.1)
    iptables (>= 0.0.0)
    logrotate (>= 0.0.0)
  apt (2.4.0)
  ark (0.9.0)
    7-zip (>= 0.0.0)
    windows (>= 0.0.0)
  aws (2.7.0)
  beaver (1.4.0)
    apt (>= 0.0.0)
    python (>= 0.0.0)
  build-essential (1.4.4)
  chef-client (4.0.0)
    cron (>= 1.2.0)
    logrotate (>= 1.2.0)
    windows (~> 1.11)
  chef-sugar (3.1.0)
  chef_handler (1.1.6)
  cluster (1.0.0)
    firewall (~> 0.11.8)
    network (= 0.1.0)
    percona (~> 0.15.5)
    rabbitmq (>= 3.2.3)
    sysutils (= 1.0.0)
  compute (0.1.0)
    network (= 0.1.0)
    sysutils (= 1.0.0)
  cpu (0.2.0)
  cron (1.6.1)
  curl (2.0.1)
  database (2.3.1)
    aws (>= 0.0.0)
    mysql (~> 5.0)
    mysql-chef_gem (~> 0.0)
    postgresql (>= 1.0.0)
    xfs (>= 0.0.0)
  dmg (2.2.2)
  elasticsearch (0.3.13)
    ark (>= 0.2.4)
    build-essential (>= 0.0.0)
    java (>= 0.0.0)
    monit (>= 0.0.0)
    xml (>= 0.0.0)
  erlang (1.5.8)
    apt (>= 1.7.0)
    build-essential (>= 0.0.0)
    yum (~> 3.0)
    yum-epel (>= 0.0.0)
    yum-erlang_solutions (>= 0.0.0)
  firewall (0.11.8)
  git (4.2.2)
    build-essential (>= 0.0.0)
    dmg (>= 0.0.0)
    windows (>= 0.0.0)
    yum-epel (>= 0.0.0)
  haproxy (1.6.6)
    build-essential (>= 0.0.0)
    cpu (>= 0.2.0)
  hostsfile (2.4.5)
  iptables (1.0.0)
  java (1.29.0)
  keepalived (1.2.0)
  kibana_lwrp (2.0.4)
    apache2 (>= 0.0.0)
    ark (>= 0.0.0)
    git (>= 0.0.0)
    java (>= 0.0.0)
    libarchive (>= 0.0.0)
    nginx (>= 0.0.0)
    poise (>= 0.0.0)
    runit (>= 0.0.0)
  libarchive (0.3.0)
  line (0.6.1)
  logrotate (1.9.1)
  logstash (0.11.4)
    ant (>= 0.0.0)
    apt (>= 0.0.0)
    ark (>= 0.0.0)
    beaver (>= 0.0.0)
    build-essential (>= 0.0.0)
    curl (>= 0.0.0)
    elasticsearch (>= 0.0.0)
    git (>= 0.0.0)
    java (>= 0.0.0)
    logrotate (>= 0.0.0)
    python (>= 0.0.0)
    runit (>= 0.0.0)
  memcached (1.7.2)
    runit (~> 1.0)
    yum (~> 3.0)
    yum-epel (>= 0.0.0)
  modules (0.2.0)
  monit (0.7.5)
  mysql (5.3.6)
    yum-mysql-community (>= 0.0.0)
  mysql-chef_gem (0.0.5)
    build-essential (>= 0.0.0)
    mysql (>= 0.0.0)
  network (0.1.0)
    hostsfile (~> 2.4.5)
    network_interfaces (~> 1.0.0)
    sysutils (>= 0.0.0)
  network_interfaces (1.0.0)
    modules (>= 0.1.2)
  nfs (2.1.0)
    line (>= 0.0.0)
  nginx (1.8.0)
    apt (>= 0.0.0)
    build-essential (>= 0.0.0)
    ohai (>= 1.1.4)
    runit (>= 0.0.0)
    yum (>= 0.0.0)
  ntp (1.6.8)
  ohai (2.0.1)
  openssl (4.0.0)
    chef-sugar (>= 0.0.0)
  openstack-block-storage (9.4.1)
    apt (>= 2.3.8)
    openstack-common (~> 9.5)
    openstack-identity (~> 9.0)
    openstack-image (~> 9.0)
    python (>= 1.4.6)
    selinux (>= 0.7.2)
  openstack-common (9.7.1)
    apt (>= 2.3.8)
    database (>= 2.0.0)
    yum (>= 3.1.4)
    yum-epel (>= 0.3.4)
  openstack-compute (9.3.1)
    openstack-common (~> 9.5)
    openstack-identity (~> 9.0)
    openstack-image (~> 9.0)
    openstack-network (~> 9.0)
    python (~> 1.4.6)
    selinux (~> 0.7)
  openstack-dashboard (9.1.0)
    apache2 (>= 1.9.6)
    openstack-common (~> 9.5)
  openstack-identity (9.3.2)
    openstack-common (~> 9.0)
  openstack-image (9.2.0)
    openstack-common (~> 9.5)
    openstack-identity (~> 9.0)
  openstack-network (9.1.1)
    openstack-common (~> 9.5)
    openstack-identity (~> 9.0)
  openstack-object-storage (9.0.4)
    apt (>= 2.3.8)
    memcached (>= 1.7.2)
    openstack-common (~> 9.0)
    statsd (>= 0.1.5)
  openstack-ops-database (9.2.2)
    database (~> 2.2)
    mysql (~> 5.3.0)
    mysql-chef_gem (~> 0.0.2)
    openstack-common (~> 9.5)
    postgresql (~> 3.3)
  openstack-ops-messaging (9.0.1)
    openstack-common (~> 9.0)
    rabbitmq (>= 3.0.4)
  openstack-orchestration (9.2.1)
    openstack-common (~> 9.5)
    openstack-identity (~> 9.0)
  openstack-services (0.1.0)
    cluster (= 1.0.0)
    compute (= 0.1.0)
    elasticsearch (~> 0.3.13)
    haproxy (~> 1.6.6)
    hostsfile (~> 2.4.5)
    java (~> 1.29.0)
    kibana_lwrp (~> 2.0.0)
    logstash (~> 0.11.2)
    network (= 0.1.0)
    openstack-common (>= 0.0.0)
    openstack-compute (>= 0.0.0)
    percona (~> 0.15.5)
    rabbitmq (>= 3.2.3)
    storage (= 0.1.0)
    sysutils (= 1.0.0)
  openstack-telemetry (9.3.2)
    openstack-common (~> 9.5)
    openstack-compute (~> 9.0)
    openstack-identity (~> 9.0)
  packagecloud (0.0.17)
  percona (0.15.5)
    apt (>= 1.9.0)
    openssl (>= 0.0.0)
    yum (~> 3.0)
  poise (1.0.12)
  postgresql (3.4.18)
    apt (>= 1.9.0)
    build-essential (>= 0.0.0)
    openssl (~> 4.0.0)
  python (1.4.6)
    build-essential (>= 0.0.0)
    yum-epel (>= 0.0.0)
  rabbitmq (4.0.0)
    erlang (~> 1.5.0)
    yum-epel (>= 0.0.0)
    yum-erlang_solutions (>= 0.0.0)
  runit (1.6.0)
    packagecloud (>= 0.0.0)
  selinux (0.8.0)
  statsd (0.1.6)
    build-essential (>= 0.0.0)
    git (>= 0.0.0)
  storage (0.1.0)
    sysutils (= 1.0.0)
  sudo (2.6.0)
  sysutils (1.0.0)
    apt (= 2.4.0)
    cron (>= 1.2.0)
    hostsfile (~> 2.4.5)
    modules (>= 0.1.2)
    nfs (>= 2.1.0)
    sudo (= 2.6.0)
    yum (= 3.2.2)
  windows (1.36.6)
    chef_handler (>= 0.0.0)
  xfs (1.1.0)
  xml (1.2.13)
    build-essential (>= 0.0.0)
    chef-sugar (>= 0.0.0)
  yum (3.2.2)
  yum-epel (0.4.0)
    yum (~> 3.0)
  yum-erlang_solutions (0.2.0)
    yum (~> 3.0)
  yum-mysql-community (0.1.17)
    yum (>= 3.0)
